// !$*UTF8*$!
{
	archiveVersion = 1;
	classes = {
	};
	objectVersion = 50;
	objects = {

/* Begin PBXBuildFile section */
		01FFD9B026BEE97D007867E9 /* AppDelegate.swift in Sources */ = {isa = PBXBuildFile; fileRef = 01FFD9AF26BEE97D007867E9 /* AppDelegate.swift */; };
		01FFD9B226BEE97D007867E9 /* SceneDelegate.swift in Sources */ = {isa = PBXBuildFile; fileRef = 01FFD9B126BEE97D007867E9 /* SceneDelegate.swift */; };
		01FFD9B426BEE97D007867E9 /* ViewController.swift in Sources */ = {isa = PBXBuildFile; fileRef = 01FFD9B326BEE97D007867E9 /* ViewController.swift */; };
		01FFD9B726BEE97D007867E9 /* Main.storyboard in Resources */ = {isa = PBXBuildFile; fileRef = 01FFD9B526BEE97D007867E9 /* Main.storyboard */; };
		01FFD9B926BEE983007867E9 /* Assets.xcassets in Resources */ = {isa = PBXBuildFile; fileRef = 01FFD9B826BEE983007867E9 /* Assets.xcassets */; };
		01FFD9BC26BEE983007867E9 /* LaunchScreen.storyboard in Resources */ = {isa = PBXBuildFile; fileRef = 01FFD9BA26BEE983007867E9 /* LaunchScreen.storyboard */; };
		01FFD9C726BEE984007867E9 /* Simple_NavigationTests.swift in Sources */ = {isa = PBXBuildFile; fileRef = 01FFD9C626BEE984007867E9 /* Simple_NavigationTests.swift */; };
		01FFD9D226BEE984007867E9 /* Simple_NavigationUITests.swift in Sources */ = {isa = PBXBuildFile; fileRef = 01FFD9D126BEE984007867E9 /* Simple_NavigationUITests.swift */; };
/* End PBXBuildFile section */

/* Begin PBXContainerItemProxy section */
		01FFD9C326BEE984007867E9 /* PBXContainerItemProxy */ = {
			isa = PBXContainerItemProxy;
			containerPortal = 01FFD9A426BEE97C007867E9 /* Project object */;
			proxyType = 1;
			remoteGlobalIDString = 01FFD9AB26BEE97C007867E9;
			remoteInfo = "Simple Navigation";
		};
		01FFD9CE26BEE984007867E9 /* PBXContainerItemProxy */ = {
			isa = PBXContainerItemProxy;
			containerPortal = 01FFD9A426BEE97C007867E9 /* Project object */;
			proxyType = 1;
			remoteGlobalIDString = 01FFD9AB26BEE97C007867E9;
			remoteInfo = "Simple Navigation";
		};
/* End PBXContainerItemProxy section */

/* Begin PBXFileReference section */
		01FFD9AC26BEE97C007867E9 /* Simple Navigation.app */ = {isa = PBXFileReference; explicitFileType = wrapper.application; includeInIndex = 0; path = "Simple Navigation.app"; sourceTree = BUILT_PRODUCTS_DIR; };
		01FFD9AF26BEE97D007867E9 /* AppDelegate.swift */ = {isa = PBXFileReference; lastKnownFileType = sourcecode.swift; path = AppDelegate.swift; sourceTree = "<group>"; };
		01FFD9B126BEE97D007867E9 /* SceneDelegate.swift */ = {isa = PBXFileReference; lastKnownFileType = sourcecode.swift; path = SceneDelegate.swift; sourceTree = "<group>"; };
		01FFD9B326BEE97D007867E9 /* ViewController.swift */ = {isa = PBXFileReference; lastKnownFileType = sourcecode.swift; path = ViewController.swift; sourceTree = "<group>"; };
		01FFD9B626BEE97D007867E9 /* Base */ = {isa = PBXFileReference; lastKnownFileType = file.storyboard; name = Base; path = Base.lproj/Main.storyboard; sourceTree = "<group>"; };
		01FFD9B826BEE983007867E9 /* Assets.xcassets */ = {isa = PBXFileReference; lastKnownFileType = folder.assetcatalog; path = Assets.xcassets; sourceTree = "<group>"; };
		01FFD9BB26BEE983007867E9 /* Base */ = {isa = PBXFileReference; lastKnownFileType = file.storyboard; name = Base; path = Base.lproj/LaunchScreen.storyboard; sourceTree = "<group>"; };
		01FFD9BD26BEE983007867E9 /* Info.plist */ = {isa = PBXFileReference; lastKnownFileType = text.plist.xml; path = Info.plist; sourceTree = "<group>"; };
		01FFD9C226BEE984007867E9 /* Simple NavigationTests.xctest */ = {isa = PBXFileReference; explicitFileType = wrapper.cfbundle; includeInIndex = 0; path = "Simple NavigationTests.xctest"; sourceTree = BUILT_PRODUCTS_DIR; };
		01FFD9C626BEE984007867E9 /* Simple_NavigationTests.swift */ = {isa = PBXFileReference; lastKnownFileType = sourcecode.swift; path = Simple_NavigationTests.swift; sourceTree = "<group>"; };
		01FFD9C826BEE984007867E9 /* Info.plist */ = {isa = PBXFileReference; lastKnownFileType = text.plist.xml; path = Info.plist; sourceTree = "<group>"; };
		01FFD9CD26BEE984007867E9 /* Simple NavigationUITests.xctest */ = {isa = PBXFileReference; explicitFileType = wrapper.cfbundle; includeInIndex = 0; path = "Simple NavigationUITests.xctest"; sourceTree = BUILT_PRODUCTS_DIR; };
		01FFD9D126BEE984007867E9 /* Simple_NavigationUITests.swift */ = {isa = PBXFileReference; lastKnownFileType = sourcecode.swift; path = Simple_NavigationUITests.swift; sourceTree = "<group>"; };
		01FFD9D326BEE984007867E9 /* Info.plist */ = {isa = PBXFileReference; lastKnownFileType = text.plist.xml; path = Info.plist; sourceTree = "<group>"; };
/* End PBXFileReference section */

/* Begin PBXFrameworksBuildPhase section */
		01FFD9A926BEE97C007867E9 /* Frameworks */ = {
			isa = PBXFrameworksBuildPhase;
			buildActionMask = 2147483647;
			files = (
			);
			runOnlyForDeploymentPostprocessing = 0;
		};
		01FFD9BF26BEE984007867E9 /* Frameworks */ = {
			isa = PBXFrameworksBuildPhase;
			buildActionMask = 2147483647;
			files = (
			);
			runOnlyForDeploymentPostprocessing = 0;
		};
		01FFD9CA26BEE984007867E9 /* Frameworks */ = {
			isa = PBXFrameworksBuildPhase;
			buildActionMask = 2147483647;
			files = (
			);
			runOnlyForDeploymentPostprocessing = 0;
		};
/* End PBXFrameworksBuildPhase section */

/* Begin PBXGroup section */
		01FFD9A326BEE97C007867E9 = {
			isa = PBXGroup;
			children = (
				01FFD9AE26BEE97C007867E9 /* Simple Navigation */,
				01FFD9C526BEE984007867E9 /* Simple NavigationTests */,
				01FFD9D026BEE984007867E9 /* Simple NavigationUITests */,
				01FFD9AD26BEE97C007867E9 /* Products */,
			);
			sourceTree = "<group>";
		};
		01FFD9AD26BEE97C007867E9 /* Products */ = {
			isa = PBXGroup;
			children = (
				01FFD9AC26BEE97C007867E9 /* Simple Navigation.app */,
				01FFD9C226BEE984007867E9 /* Simple NavigationTests.xctest */,
				01FFD9CD26BEE984007867E9 /* Simple NavigationUITests.xctest */,
			);
			name = Products;
			sourceTree = "<group>";
		};
		01FFD9AE26BEE97C007867E9 /* Simple Navigation */ = {
			isa = PBXGroup;
			children = (
				01FFD9AF26BEE97D007867E9 /* AppDelegate.swift */,
				01FFD9B126BEE97D007867E9 /* SceneDelegate.swift */,
				01FFD9B326BEE97D007867E9 /* ViewController.swift */,
				01FFD9B526BEE97D007867E9 /* Main.storyboard */,
				01FFD9B826BEE983007867E9 /* Assets.xcassets */,
				01FFD9BA26BEE983007867E9 /* LaunchScreen.storyboard */,
				01FFD9BD26BEE983007867E9 /* Info.plist */,
			);
			path = "Simple Navigation";
			sourceTree = "<group>";
		};
		01FFD9C526BEE984007867E9 /* Simple NavigationTests */ = {
			isa = PBXGroup;
			children = (
				01FFD9C626BEE984007867E9 /* Simple_NavigationTests.swift */,
				01FFD9C826BEE984007867E9 /* Info.plist */,
			);
			path = "Simple NavigationTests";
			sourceTree = "<group>";
		};
		01FFD9D026BEE984007867E9 /* Simple NavigationUITests */ = {
			isa = PBXGroup;
			children = (
				01FFD9D126BEE984007867E9 /* Simple_NavigationUITests.swift */,
				01FFD9D326BEE984007867E9 /* Info.plist */,
			);
			path = "Simple NavigationUITests";
			sourceTree = "<group>";
		};
/* End PBXGroup section */

/* Begin PBXNativeTarget section */
		01FFD9AB26BEE97C007867E9 /* Simple Navigation */ = {
			isa = PBXNativeTarget;
			buildConfigurationList = 01FFD9D626BEE984007867E9 /* Build configuration list for PBXNativeTarget "Simple Navigation" */;
			buildPhases = (
				01FFD9A826BEE97C007867E9 /* Sources */,
				01FFD9A926BEE97C007867E9 /* Frameworks */,
				01FFD9AA26BEE97C007867E9 /* Resources */,
			);
			buildRules = (
			);
			dependencies = (
			);
			name = "Simple Navigation";
			productName = "Simple Navigation";
			productReference = 01FFD9AC26BEE97C007867E9 /* Simple Navigation.app */;
			productType = "com.apple.product-type.application";
		};
		01FFD9C126BEE984007867E9 /* Simple NavigationTests */ = {
			isa = PBXNativeTarget;
			buildConfigurationList = 01FFD9D926BEE984007867E9 /* Build configuration list for PBXNativeTarget "Simple NavigationTests" */;
			buildPhases = (
				01FFD9BE26BEE984007867E9 /* Sources */,
				01FFD9BF26BEE984007867E9 /* Frameworks */,
				01FFD9C026BEE984007867E9 /* Resources */,
			);
			buildRules = (
			);
			dependencies = (
				01FFD9C426BEE984007867E9 /* PBXTargetDependency */,
			);
			name = "Simple NavigationTests";
			productName = "Simple NavigationTests";
			productReference = 01FFD9C226BEE984007867E9 /* Simple NavigationTests.xctest */;
			productType = "com.apple.product-type.bundle.unit-test";
		};
		01FFD9CC26BEE984007867E9 /* Simple NavigationUITests */ = {
			isa = PBXNativeTarget;
			buildConfigurationList = 01FFD9DC26BEE984007867E9 /* Build configuration list for PBXNativeTarget "Simple NavigationUITests" */;
			buildPhases = (
				01FFD9C926BEE984007867E9 /* Sources */,
				01FFD9CA26BEE984007867E9 /* Frameworks */,
				01FFD9CB26BEE984007867E9 /* Resources */,
			);
			buildRules = (
			);
			dependencies = (
				01FFD9CF26BEE984007867E9 /* PBXTargetDependency */,
			);
			name = "Simple NavigationUITests";
			productName = "Simple NavigationUITests";
			productReference = 01FFD9CD26BEE984007867E9 /* Simple NavigationUITests.xctest */;
			productType = "com.apple.product-type.bundle.ui-testing";
		};
/* End PBXNativeTarget section */

/* Begin PBXProject section */
		01FFD9A426BEE97C007867E9 /* Project object */ = {
			isa = PBXProject;
			attributes = {
				LastSwiftUpdateCheck = 1250;
				LastUpgradeCheck = 1250;
				TargetAttributes = {
					01FFD9AB26BEE97C007867E9 = {
						CreatedOnToolsVersion = 12.5.1;
					};
					01FFD9C126BEE984007867E9 = {
						CreatedOnToolsVersion = 12.5.1;
						TestTargetID = 01FFD9AB26BEE97C007867E9;
					};
					01FFD9CC26BEE984007867E9 = {
						CreatedOnToolsVersion = 12.5.1;
						TestTargetID = 01FFD9AB26BEE97C007867E9;
					};
				};
			};
			buildConfigurationList = 01FFD9A726BEE97C007867E9 /* Build configuration list for PBXProject "Simple Navigation" */;
			compatibilityVersion = "Xcode 9.3";
			developmentRegion = en;
			hasScannedForEncodings = 0;
			knownRegions = (
				en,
				Base,
			);
			mainGroup = 01FFD9A326BEE97C007867E9;
			productRefGroup = 01FFD9AD26BEE97C007867E9 /* Products */;
			projectDirPath = "";
			projectRoot = "";
			targets = (
				01FFD9AB26BEE97C007867E9 /* Simple Navigation */,
				01FFD9C126BEE984007867E9 /* Simple NavigationTests */,
				01FFD9CC26BEE984007867E9 /* Simple NavigationUITests */,
			);
		};
/* End PBXProject section */

/* Begin PBXResourcesBuildPhase section */
		01FFD9AA26BEE97C007867E9 /* Resources */ = {
			isa = PBXResourcesBuildPhase;
			buildActionMask = 2147483647;
			files = (
				01FFD9BC26BEE983007867E9 /* LaunchScreen.storyboard in Resources */,
				01FFD9B926BEE983007867E9 /* Assets.xcassets in Resources */,
				01FFD9B726BEE97D007867E9 /* Main.storyboard in Resources */,
			);
			runOnlyForDeploymentPostprocessing = 0;
		};
		01FFD9C026BEE984007867E9 /* Resources */ = {
			isa = PBXResourcesBuildPhase;
			buildActionMask = 2147483647;
			files = (
			);
			runOnlyForDeploymentPostprocessing = 0;
		};
		01FFD9CB26BEE984007867E9 /* Resources */ = {
			isa = PBXResourcesBuildPhase;
			buildActionMask = 2147483647;
			files = (
			);
			runOnlyForDeploymentPostprocessing = 0;
		};
/* End PBXResourcesBuildPhase section */

/* Begin PBXSourcesBuildPhase section */
		01FFD9A826BEE97C007867E9 /* Sources */ = {
			isa = PBXSourcesBuildPhase;
			buildActionMask = 2147483647;
			files = (
				01FFD9B426BEE97D007867E9 /* ViewController.swift in Sources */,
				01FFD9B026BEE97D007867E9 /* AppDelegate.swift in Sources */,
				01FFD9B226BEE97D007867E9 /* SceneDelegate.swift in Sources */,
			);
			runOnlyForDeploymentPostprocessing = 0;
		};
		01FFD9BE26BEE984007867E9 /* Sources */ = {
			isa = PBXSourcesBuildPhase;
			buildActionMask = 2147483647;
			files = (
				01FFD9C726BEE984007867E9 /* Simple_NavigationTests.swift in Sources */,
			);
			runOnlyForDeploymentPostprocessing = 0;
		};
		01FFD9C926BEE984007867E9 /* Sources */ = {
			isa = PBXSourcesBuildPhase;
			buildActionMask = 2147483647;
			files = (
				01FFD9D226BEE984007867E9 /* Simple_NavigationUITests.swift in Sources */,
			);
			runOnlyForDeploymentPostprocessing = 0;
		};
/* End PBXSourcesBuildPhase section */

/* Begin PBXTargetDependency section */
		01FFD9C426BEE984007867E9 /* PBXTargetDependency */ = {
			isa = PBXTargetDependency;
			target = 01FFD9AB26BEE97C007867E9 /* Simple Navigation */;
			targetProxy = 01FFD9C326BEE984007867E9 /* PBXContainerItemProxy */;
		};
		01FFD9CF26BEE984007867E9 /* PBXTargetDependency */ = {
			isa = PBXTargetDependency;
			target = 01FFD9AB26BEE97C007867E9 /* Simple Navigation */;
			targetProxy = 01FFD9CE26BEE984007867E9 /* PBXContainerItemProxy */;
		};
/* End PBXTargetDependency section */

/* Begin PBXVariantGroup section */
		01FFD9B526BEE97D007867E9 /* Main.storyboard */ = {
			isa = PBXVariantGroup;
			children = (
				01FFD9B626BEE97D007867E9 /* Base */,
			);
			name = Main.storyboard;
			sourceTree = "<group>";
		};
		01FFD9BA26BEE983007867E9 /* LaunchScreen.storyboard */ = {
			isa = PBXVariantGroup;
			children = (
				01FFD9BB26BEE983007867E9 /* Base */,
			);
			name = LaunchScreen.storyboard;
			sourceTree = "<group>";
		};
/* End PBXVariantGroup section */

/* Begin XCBuildConfiguration section */
		01FFD9D426BEE984007867E9 /* Debug */ = {
			isa = XCBuildConfiguration;
			buildSettings = {
				ALWAYS_SEARCH_USER_PATHS = NO;
				CLANG_ANALYZER_NONNULL = YES;
				CLANG_ANALYZER_NUMBER_OBJECT_CONVERSION = YES_AGGRESSIVE;
				CLANG_CXX_LANGUAGE_STANDARD = "gnu++14";
				CLANG_CXX_LIBRARY = "libc++";
				CLANG_ENABLE_MODULES = YES;
				CLANG_ENABLE_OBJC_ARC = YES;
				CLANG_ENABLE_OBJC_WEAK = YES;
				CLANG_WARN_BLOCK_CAPTURE_AUTORELEASING = YES;
				CLANG_WARN_BOOL_CONVERSION = YES;
				CLANG_WARN_COMMA = YES;
				CLANG_WARN_CONSTANT_CONVERSION = YES;
				CLANG_WARN_DEPRECATED_OBJC_IMPLEMENTATIONS = YES;
				CLANG_WARN_DIRECT_OBJC_ISA_USAGE = YES_ERROR;
				CLANG_WARN_DOCUMENTATION_COMMENTS = YES;
				CLANG_WARN_EMPTY_BODY = YES;
				CLANG_WARN_ENUM_CONVERSION = YES;
				CLANG_WARN_INFINITE_RECURSION = YES;
				CLANG_WARN_INT_CONVERSION = YES;
				CLANG_WARN_NON_LITERAL_NULL_CONVERSION = YES;
				CLANG_WARN_OBJC_IMPLICIT_RETAIN_SELF = YES;
				CLANG_WARN_OBJC_LITERAL_CONVERSION = YES;
				CLANG_WARN_OBJC_ROOT_CLASS = YES_ERROR;
				CLANG_WARN_QUOTED_INCLUDE_IN_FRAMEWORK_HEADER = YES;
				CLANG_WARN_RANGE_LOOP_ANALYSIS = YES;
				CLANG_WARN_STRICT_PROTOTYPES = YES;
				CLANG_WARN_SUSPICIOUS_MOVE = YES;
				CLANG_WARN_UNGUARDED_AVAILABILITY = YES_AGGRESSIVE;
				CLANG_WARN_UNREACHABLE_CODE = YES;
				CLANG_WARN__DUPLICATE_METHOD_MATCH = YES;
				COPY_PHASE_STRIP = NO;
				DEBUG_INFORMATION_FORMAT = dwarf;
				ENABLE_STRICT_OBJC_MSGSEND = YES;
				ENABLE_TESTABILITY = YES;
				GCC_C_LANGUAGE_STANDARD = gnu11;
				GCC_DYNAMIC_NO_PIC = NO;
				GCC_NO_COMMON_BLOCKS = YES;
				GCC_OPTIMIZATION_LEVEL = 0;
				GCC_PREPROCESSOR_DEFINITIONS = (
					"DEBUG=1",
					"$(inherited)",
				);
				GCC_WARN_64_TO_32_BIT_CONVERSION = YES;
				GCC_WARN_ABOUT_RETURN_TYPE = YES_ERROR;
				GCC_WARN_UNDECLARED_SELECTOR = YES;
				GCC_WARN_UNINITIALIZED_AUTOS = YES_AGGRESSIVE;
				GCC_WARN_UNUSED_FUNCTION = YES;
				GCC_WARN_UNUSED_VARIABLE = YES;
				IPHONEOS_DEPLOYMENT_TARGET = 14.5;
				MTL_ENABLE_DEBUG_INFO = INCLUDE_SOURCE;
				MTL_FAST_MATH = YES;
				ONLY_ACTIVE_ARCH = YES;
				SDKROOT = iphoneos;
				SWIFT_ACTIVE_COMPILATION_CONDITIONS = DEBUG;
				SWIFT_OPTIMIZATION_LEVEL = "-Onone";
			};
			name = Debug;
		};
		01FFD9D526BEE984007867E9 /* Release */ = {
			isa = XCBuildConfiguration;
			buildSettings = {
				ALWAYS_SEARCH_USER_PATHS = NO;
				CLANG_ANALYZER_NONNULL = YES;
				CLANG_ANALYZER_NUMBER_OBJECT_CONVERSION = YES_AGGRESSIVE;
				CLANG_CXX_LANGUAGE_STANDARD = "gnu++14";
				CLANG_CXX_LIBRARY = "libc++";
				CLANG_ENABLE_MODULES = YES;
				CLANG_ENABLE_OBJC_ARC = YES;
				CLANG_ENABLE_OBJC_WEAK = YES;
				CLANG_WARN_BLOCK_CAPTURE_AUTORELEASING = YES;
				CLANG_WARN_BOOL_CONVERSION = YES;
				CLANG_WARN_COMMA = YES;
				CLANG_WARN_CONSTANT_CONVERSION = YES;
				CLANG_WARN_DEPRECATED_OBJC_IMPLEMENTATIONS = YES;
				CLANG_WARN_DIRECT_OBJC_ISA_USAGE = YES_ERROR;
				CLANG_WARN_DOCUMENTATION_COMMENTS = YES;
				CLANG_WARN_EMPTY_BODY = YES;
				CLANG_WARN_ENUM_CONVERSION = YES;
				CLANG_WARN_INFINITE_RECURSION = YES;
				CLANG_WARN_INT_CONVERSION = YES;
				CLANG_WARN_NON_LITERAL_NULL_CONVERSION = YES;
				CLANG_WARN_OBJC_IMPLICIT_RETAIN_SELF = YES;
				CLANG_WARN_OBJC_LITERAL_CONVERSION = YES;
				CLANG_WARN_OBJC_ROOT_CLASS = YES_ERROR;
				CLANG_WARN_QUOTED_INCLUDE_IN_FRAMEWORK_HEADER = YES;
				CLANG_WARN_RANGE_LOOP_ANALYSIS = YES;
				CLANG_WARN_STRICT_PROTOTYPES = YES;
				CLANG_WARN_SUSPICIOUS_MOVE = YES;
				CLANG_WARN_UNGUARDED_AVAILABILITY = YES_AGGRESSIVE;
				CLANG_WARN_UNREACHABLE_CODE = YES;
				CLANG_WARN__DUPLICATE_METHOD_MATCH = YES;
				COPY_PHASE_STRIP = NO;
				DEBUG_INFORMATION_FORMAT = "dwarf-with-dsym";
				ENABLE_NS_ASSERTIONS = NO;
				ENABLE_STRICT_OBJC_MSGSEND = YES;
				GCC_C_LANGUAGE_STANDARD = gnu11;
				GCC_NO_COMMON_BLOCKS = YES;
				GCC_WARN_64_TO_32_BIT_CONVERSION = YES;
				GCC_WARN_ABOUT_RETURN_TYPE = YES_ERROR;
				GCC_WARN_UNDECLARED_SELECTOR = YES;
				GCC_WARN_UNINITIALIZED_AUTOS = YES_AGGRESSIVE;
				GCC_WARN_UNUSED_FUNCTION = YES;
				GCC_WARN_UNUSED_VARIABLE = YES;
				IPHONEOS_DEPLOYMENT_TARGET = 14.5;
				MTL_ENABLE_DEBUG_INFO = NO;
				MTL_FAST_MATH = YES;
				SDKROOT = iphoneos;
				SWIFT_COMPILATION_MODE = wholemodule;
				SWIFT_OPTIMIZATION_LEVEL = "-O";
				VALIDATE_PRODUCT = YES;
			};
			name = Release;
		};
		01FFD9D726BEE984007867E9 /* Debug */ = {
			isa = XCBuildConfiguration;
			buildSettings = {
				ASSETCATALOG_COMPILER_APPICON_NAME = AppIcon;
				ASSETCATALOG_COMPILER_GLOBAL_ACCENT_COLOR_NAME = AccentColor;
				CODE_SIGN_STYLE = Automatic;
				DEVELOPMENT_TEAM = 9A9QCVT3U8;
				INFOPLIST_FILE = "Simple Navigation/Info.plist";
				LD_RUNPATH_SEARCH_PATHS = (
					"$(inherited)",
					"@executable_path/Frameworks",
				);
				PRODUCT_BUNDLE_IDENTIFIER = "com.jigneshpatil.Simple-Navigation";
				PRODUCT_NAME = "$(TARGET_NAME)";
				SWIFT_VERSION = 5.0;
				TARGETED_DEVICE_FAMILY = "1,2";
			};
			name = Debug;
		};
		01FFD9D826BEE984007867E9 /* Release */ = {
			isa = XCBuildConfiguration;
			buildSettings = {
				ASSETCATALOG_COMPILER_APPICON_NAME = AppIcon;
				ASSETCATALOG_COMPILER_GLOBAL_ACCENT_COLOR_NAME = AccentColor;
				CODE_SIGN_STYLE = Automatic;
				DEVELOPMENT_TEAM = 9A9QCVT3U8;
				INFOPLIST_FILE = "Simple Navigation/Info.plist";
				LD_RUNPATH_SEARCH_PATHS = (
					"$(inherited)",
					"@executable_path/Frameworks",
				);
				PRODUCT_BUNDLE_IDENTIFIER = "com.jigneshpatil.Simple-Navigation";
				PRODUCT_NAME = "$(TARGET_NAME)";
				SWIFT_VERSION = 5.0;
				TARGETED_DEVICE_FAMILY = "1,2";
			};
			name = Release;
		};
		01FFD9DA26BEE984007867E9 /* Debug */ = {
			isa = XCBuildConfiguration;
			buildSettings = {
				ALWAYS_EMBED_SWIFT_STANDARD_LIBRARIES = YES;
				BUNDLE_LOADER = "$(TEST_HOST)";
				CODE_SIGN_STYLE = Automatic;
				DEVELOPMENT_TEAM = 9A9QCVT3U8;
				INFOPLIST_FILE = "Simple NavigationTests/Info.plist";
				IPHONEOS_DEPLOYMENT_TARGET = 14.5;
				LD_RUNPATH_SEARCH_PATHS = (
					"$(inherited)",
					"@executable_path/Frameworks",
					"@loader_path/Frameworks",
				);
				PRODUCT_BUNDLE_IDENTIFIER = "com.jigneshpatil.Simple-NavigationTests";
				PRODUCT_NAME = "$(TARGET_NAME)";
				SWIFT_VERSION = 5.0;
				TARGETED_DEVICE_FAMILY = "1,2";
				TEST_HOST = "$(BUILT_PRODUCTS_DIR)/Simple Navigation.app/Simple Navigation";
			};
			name = Debug;
		};
		01FFD9DB26BEE984007867E9 /* Release */ = {
			isa = XCBuildConfiguration;
			buildSettings = {
				ALWAYS_EMBED_SWIFT_STANDARD_LIBRARIES = YES;
				BUNDLE_LOADER = "$(TEST_HOST)";
				CODE_SIGN_STYLE = Automatic;
				DEVELOPMENT_TEAM = 9A9QCVT3U8;
				INFOPLIST_FILE = "Simple NavigationTests/Info.plist";
				IPHONEOS_DEPLOYMENT_TARGET = 14.5;
				LD_RUNPATH_SEARCH_PATHS = (
					"$(inherited)",
					"@executable_path/Frameworks",
					"@loader_path/Frameworks",
				);
				PRODUCT_BUNDLE_IDENTIFIER = "com.jigneshpatil.Simple-NavigationTests";
				PRODUCT_NAME = "$(TARGET_NAME)";
				SWIFT_VERSION = 5.0;
				TARGETED_DEVICE_FAMILY = "1,2";
				TEST_HOST = "$(BUILT_PRODUCTS_DIR)/Simple Navigation.app/Simple Navigation";
			};
			name = Release;
		};
		01FFD9DD26BEE984007867E9 /* Debug */ = {
			isa = XCBuildConfiguration;
			buildSettings = {
				ALWAYS_EMBED_SWIFT_STANDARD_LIBRARIES = YES;
				CODE_SIGN_STYLE = Automatic;
				DEVELOPMENT_TEAM = 9A9QCVT3U8;
				INFOPLIST_FILE = "Simple NavigationUITests/Info.plist";
				LD_RUNPATH_SEARCH_PATHS = (
					"$(inherited)",
					"@executable_path/Frameworks",
					"@loader_path/Frameworks",
				);
				PRODUCT_BUNDLE_IDENTIFIER = "com.jigneshpatil.Simple-NavigationUITests";
				PRODUCT_NAME = "$(TARGET_NAME)";
				SWIFT_VERSION = 5.0;
				TARGETED_DEVICE_FAMILY = "1,2";
				TEST_TARGET_NAME = "Simple Navigation";
			};
			name = Debug;
		};
		01FFD9DE26BEE984007867E9 /* Release */ = {
			isa = XCBuildConfiguration;
			buildSettings = {
				ALWAYS_EMBED_SWIFT_STANDARD_LIBRARIES = YES;
				CODE_SIGN_STYLE = Automatic;
				DEVELOPMENT_TEAM = 9A9QCVT3U8;
				INFOPLIST_FILE = "Simple NavigationUITests/Info.plist";
				LD_RUNPATH_SEARCH_PATHS = (
					"$(inherited)",
					"@executable_path/Frameworks",
					"@loader_path/Frameworks",
				);
				PRODUCT_BUNDLE_IDENTIFIER = "com.jigneshpatil.Simple-NavigationUITests";
				PRODUCT_NAME = "$(TARGET_NAME)";
				SWIFT_VERSION = 5.0;
				TARGETED_DEVICE_FAMILY = "1,2";
				TEST_TARGET_NAME = "Simple Navigation";
			};
			name = Release;
		};
/* End XCBuildConfiguration section */

/* Begin XCConfigurationList section */
		01FFD9A726BEE97C007867E9 /* Build configuration list for PBXProject "Simple Navigation" */ = {
			isa = XCConfigurationList;
			buildConfigurations = (
				01FFD9D426BEE984007867E9 /* Debug */,
				01FFD9D526BEE984007867E9 /* Release */,
			);
			defaultConfigurationIsVisible = 0;
			defaultConfigurationName = Release;
		};
		01FFD9D626BEE984007867E9 /* Build configuration list for PBXNativeTarget "Simple Navigation" */ = {
			isa = XCConfigurationList;
			buildConfigurations = (
				01FFD9D726BEE984007867E9 /* Debug */,
				01FFD9D826BEE984007867E9 /* Release */,
			);
			defaultConfigurationIsVisible = 0;
			defaultConfigurationName = Release;
		};
		01FFD9D926BEE984007867E9 /* Build configuration list for PBXNativeTarget "Simple NavigationTests" */ = {
			isa = XCConfigurationList;
			buildConfigurations = (
				01FFD9DA26BEE984007867E9 /* Debug */,
				01FFD9DB26BEE984007867E9 /* Release */,
			);
			defaultConfigurationIsVisible = 0;
			defaultConfigurationName = Release;
		};
		01FFD9DC26BEE984007867E9 /* Build configuration list for PBXNativeTarget "Simple NavigationUITests" */ = {
			isa = XCConfigurationList;
			buildConfigurations = (
				01FFD9DD26BEE984007867E9 /* Debug */,
				01FFD9DE26BEE984007867E9 /* Release */,
			);
			defaultConfigurationIsVisible = 0;
			defaultConfigurationName = Release;
		};
/* End XCConfigurationList section */
	};
	rootObject = 01FFD9A426BEE97C007867E9 /* Project object */;
}
